// !$*UTF8*$!
{
	archiveVersion = 1;
	classes = {
	};
	objectVersion = 46;
	objects = {

/* Begin PBXBuildFile section */
		CE296B161F88E76D00020870 /* AppDelegate.swift in Sources */ = {isa = PBXBuildFile; fileRef = CE296B151F88E76D00020870 /* AppDelegate.swift */; };
		CE296B181F88E76D00020870 /* ViewController.swift in Sources */ = {isa = PBXBuildFile; fileRef = CE296B171F88E76D00020870 /* ViewController.swift */; };
		CE296B1B1F88E76D00020870 /* Main.storyboard in Resources */ = {isa = PBXBuildFile; fileRef = CE296B191F88E76D00020870 /* Main.storyboard */; };
		CE296B1D1F88E76D00020870 /* Assets.xcassets in Resources */ = {isa = PBXBuildFile; fileRef = CE296B1C1F88E76D00020870 /* Assets.xcassets */; };
		CE296B201F88E76D00020870 /* LaunchScreen.storyboard in Resources */ = {isa = PBXBuildFile; fileRef = CE296B1E1F88E76D00020870 /* LaunchScreen.storyboard */; };
/* End PBXBuildFile section */

/* Begin PBXFileReference section */
		CE296B121F88E76D00020870 /* MakeshiftAlarm.app */ = {isa = PBXFileReference; explicitFileType = wrapper.application; includeInIndex = 0; path = MakeshiftAlarm.app; sourceTree = BUILT_PRODUCTS_DIR; };
		CE296B151F88E76D00020870 /* AppDelegate.swift */ = {isa = PBXFileReference; lastKnownFileType = sourcecode.swift; path = AppDelegate.swift; sourceTree = "<group>"; };
		CE296B171F88E76D00020870 /* ViewController.swift */ = {isa = PBXFileReference; lastKnownFileType = sourcecode.swift; path = ViewController.swift; sourceTree = "<group>"; };
		CE296B1A1F88E76D00020870 /* Base */ = {isa = PBXFileReference; lastKnownFileType = file.storyboard; name = Base; path = Base.lproj/Main.storyboard; sourceTree = "<group>"; };
		CE296B1C1F88E76D00020870 /* Assets.xcassets */ = {isa = PBXFileReference; lastKnownFileType = folder.assetcatalog; path = Assets.xcassets; sourceTree = "<group>"; };
		CE296B1F1F88E76D00020870 /* Base */ = {isa = PBXFileReference; lastKnownFileType = file.storyboard; name = Base; path = Base.lproj/LaunchScreen.storyboard; sourceTree = "<group>"; };
		CE296B211F88E76D00020870 /* Info.plist */ = {isa = PBXFileReference; lastKnownFileType = text.plist.xml; path = Info.plist; sourceTree = "<group>"; };
/* End PBXFileReference section */

/* Begin PBXFrameworksBuildPhase section */
		CE296B0F1F88E76D00020870 /* Frameworks */ = {
			isa = PBXFrameworksBuildPhase;
			buildActionMask = 2147483647;
			files = (
			);
			runOnlyForDeploymentPostprocessing = 0;
		};
/* End PBXFrameworksBuildPhase section */

/* Begin PBXGroup section */
		CE296B091F88E76D00020870 = {
			isa = PBXGroup;
			children = (
				CE296B141F88E76D00020870 /* MakeshiftAlarm */,
				CE296B131F88E76D00020870 /* Products */,
			);
			sourceTree = "<group>";
		};
		CE296B131F88E76D00020870 /* Products */ = {
			isa = PBXGroup;
			children = (
				CE296B121F88E76D00020870 /* MakeshiftAlarm.app */,
			);
			name = Products;
			sourceTree = "<group>";
		};
		CE296B141F88E76D00020870 /* MakeshiftAlarm */ = {
			isa = PBXGroup;
			children = (
				CE296B151F88E76D00020870 /* AppDelegate.swift */,
				CE296B171F88E76D00020870 /* ViewController.swift */,
				CE296B191F88E76D00020870 /* Main.storyboard */,
				CE296B1C1F88E76D00020870 /* Assets.xcassets */,
				CE296B1E1F88E76D00020870 /* LaunchScreen.storyboard */,
				CE296B211F88E76D00020870 /* Info.plist */,
			);
			path = MakeshiftAlarm;
			sourceTree = "<group>";
		};
/* End PBXGroup section */

/* Begin PBXNativeTarget section */
		CE296B111F88E76D00020870 /* MakeshiftAlarm */ = {
			isa = PBXNativeTarget;
			buildConfigurationList = CE296B241F88E76D00020870 /* Build configuration list for PBXNativeTarget "MakeshiftAlarm" */;
			buildPhases = (
				CE296B0E1F88E76D00020870 /* Sources */,
				CE296B0F1F88E76D00020870 /* Frameworks */,
				CE296B101F88E76D00020870 /* Resources */,
			);
			buildRules = (
			);
			dependencies = (
			);
			name = MakeshiftAlarm;
			productName = MakeshiftAlarm;
			productReference = CE296B121F88E76D00020870 /* MakeshiftAlarm.app */;
			productType = "com.apple.product-type.application";
		};
/* End PBXNativeTarget section */

/* Begin PBXProject section */
		CE296B0A1F88E76D00020870 /* Project object */ = {
			isa = PBXProject;
			attributes = {
				LastSwiftUpdateCheck = 0830;
				LastUpgradeCheck = 0830;
				ORGANIZATIONNAME = "Leslie Tzeng";
				TargetAttributes = {
					CE296B111F88E76D00020870 = {
						CreatedOnToolsVersion = 8.3.3;
						DevelopmentTeam = FV22LUXAQ4;
						ProvisioningStyle = Automatic;
					};
				};
			};
			buildConfigurationList = CE296B0D1F88E76D00020870 /* Build configuration list for PBXProject "MakeshiftAlarm" */;
			compatibilityVersion = "Xcode 3.2";
			developmentRegion = English;
			hasScannedForEncodings = 0;
			knownRegions = (
				en,
				Base,
			);
			mainGroup = CE296B091F88E76D00020870;
			productRefGroup = CE296B131F88E76D00020870 /* Products */;
			projectDirPath = "";
			projectRoot = "";
			targets = (
				CE296B111F88E76D00020870 /* MakeshiftAlarm */,
			);
		};
/* End PBXProject section */

/* Begin PBXResourcesBuildPhase section */
		CE296B101F88E76D00020870 /* Resources */ = {
			isa = PBXResourcesBuildPhase;
			buildActionMask = 2147483647;
			files = (
				CE296B201F88E76D00020870 /* LaunchScreen.storyboard in Resources */,
				CE296B1D1F88E76D00020870 /* Assets.xcassets in Resources */,
				CE296B1B1F88E76D00020870 /* Main.storyboard in Resources */,
			);
			runOnlyForDeploymentPostprocessing = 0;
		};
/* End PBXResourcesBuildPhase section */

/* Begin PBXSourcesBuildPhase section */
		CE296B0E1F88E76D00020870 /* Sources */ = {
			isa = PBXSourcesBuildPhase;
			buildActionMask = 2147483647;
			files = (
				CE296B181F88E76D00020870 /* ViewController.swift in Sources */,
				CE296B161F88E76D00020870 /* AppDelegate.swift in Sources */,
			);
			runOnlyForDeploymentPostprocessing = 0;
		};
/* End PBXSourcesBuildPhase section */

/* Begin PBXVariantGroup section */
		CE296B191F88E76D00020870 /* Main.storyboard */ = {
			isa = PBXVariantGroup;
			children = (
				CE296B1A1F88E76D00020870 /* Base */,
			);
			name = Main.storyboard;
			sourceTree = "<group>";
		};
		CE296B1E1F88E76D00020870 /* LaunchScreen.storyboard */ = {
			isa = PBXVariantGroup;
			children = (
				CE296B1F1F88E76D00020870 /* Base */,
			);
			name = LaunchScreen.storyboard;
			sourceTree = "<group>";
		};
/* End PBXVariantGroup section */

/* Begin XCBuildConfiguration section */
		CE296B221F88E76D00020870 /* Debug */ = {
			isa = XCBuildConfiguration;
			buildSettings = {
				ALWAYS_SEARCH_USER_PATHS = NO;
				CLANG_ANALYZER_NONNULL = YES;
				CLANG_ANALYZER_NUMBER_OBJECT_CONVERSION = YES_AGGRESSIVE;
				CLANG_CXX_LANGUAGE_STANDARD = "gnu++0x";
				CLANG_CXX_LIBRARY = "libc++";
				CLANG_ENABLE_MODULES = YES;
				CLANG_ENABLE_OBJC_ARC = YES;
				CLANG_WARN_BOOL_CONVERSION = YES;
				CLANG_WARN_CONSTANT_CONVERSION = YES;
				CLANG_WARN_DIRECT_OBJC_ISA_USAGE = YES_ERROR;
				CLANG_WARN_DOCUMENTATION_COMMENTS = YES;
				CLANG_WARN_EMPTY_BODY = YES;
				CLANG_WARN_ENUM_CONVERSION = YES;
				CLANG_WARN_INFINITE_RECURSION = YES;
				CLANG_WARN_INT_CONVERSION = YES;
				CLANG_WARN_OBJC_ROOT_CLASS = YES_ERROR;
				CLANG_WARN_SUSPICIOUS_MOVE = YES;
				CLANG_WARN_UNREACHABLE_CODE = YES;
				CLANG_WARN__DUPLICATE_METHOD_MATCH = YES;
				"CODE_SIGN_IDENTITY[sdk=iphoneos*]" = "iPhone Developer";
				COPY_PHASE_STRIP = NO;
				DEBUG_INFORMATION_FORMAT = dwarf;
				ENABLE_STRICT_OBJC_MSGSEND = YES;
				ENABLE_TESTABILITY = YES;
				GCC_C_LANGUAGE_STANDARD = gnu99;
				GCC_DYNAMIC_NO_PIC = NO;
				GCC_NO_COMMON_BLOCKS = YES;
				GCC_OPTIMIZATION_LEVEL = 0;
				GCC_PREPROCESSOR_DEFINITIONS = (
					"DEBUG=1",
					"$(inherited)",
				);
				GCC_WARN_64_TO_32_BIT_CONVERSION = YES;
				GCC_WARN_ABOUT_RETURN_TYPE = YES_ERROR;
				GCC_WARN_UNDECLARED_SELECTOR = YES;
				GCC_WARN_UNINITIALIZED_AUTOS = YES_AGGRESSIVE;
				GCC_WARN_UNUSED_FUNCTION = YES;
				GCC_WARN_UNUSED_VARIABLE = YES;
				IPHONEOS_DEPLOYMENT_TARGET = 10.3;
				MTL_ENABLE_DEBUG_INFO = YES;
				ONLY_ACTIVE_ARCH = YES;
				SDKROOT = iphoneos;
				SWIFT_ACTIVE_COMPILATION_CONDITIONS = DEBUG;
				SWIFT_OPTIMIZATION_LEVEL = "-Onone";
				TARGETED_DEVICE_FAMILY = "1,2";
			};
			name = Debug;
		};
		CE296B231F88E76D00020870 /* Release */ = {
			isa = XCBuildConfiguration;
			buildSettings = {
				ALWAYS_SEARCH_USER_PATHS = NO;
				CLANG_ANALYZER_NONNULL = YES;
				CLANG_ANALYZER_NUMBER_OBJECT_CONVERSION = YES_AGGRESSIVE;
				CLANG_CXX_LANGUAGE_STANDARD = "gnu++0x";
				CLANG_CXX_LIBRARY = "libc++";
				CLANG_ENABLE_MODULES = YES;
				CLANG_ENABLE_OBJC_ARC = YES;
				CLANG_WARN_BOOL_CONVERSION = YES;
				CLANG_WARN_CONSTANT_CONVERSION = YES;
				CLANG_WARN_DIRECT_OBJC_ISA_USAGE = YES_ERROR;
				CLANG_WARN_DOCUMENTATION_COMMENTS = YES;
				CLANG_WARN_EMPTY_BODY = YES;
				CLANG_WARN_ENUM_CONVERSION = YES;
				CLANG_WARN_INFINITE_RECURSION = YES;
				CLANG_WARN_INT_CONVERSION = YES;
				CLANG_WARN_OBJC_ROOT_CLASS = YES_ERROR;
				CLANG_WARN_SUSPICIOUS_MOVE = YES;
				CLANG_WARN_UNREACHABLE_CODE = YES;
				CLANG_WARN__DUPLICATE_METHOD_MATCH = YES;
				"CODE_SIGN_IDENTITY[sdk=iphoneos*]" = "iPhone Developer";
				COPY_PHASE_STRIP = NO;
				DEBUG_INFORMATION_FORMAT = "dwarf-with-dsym";
				ENABLE_NS_ASSERTIONS = NO;
				ENABLE_STRICT_OBJC_MSGSEND = YES;
				GCC_C_LANGUAGE_STANDARD = gnu99;
				GCC_NO_COMMON_BLOCKS = YES;
				GCC_WARN_64_TO_32_BIT_CONVERSION = YES;
				GCC_WARN_ABOUT_RETURN_TYPE = YES_ERROR;
				GCC_WARN_UNDECLARED_SELECTOR = YES;
				GCC_WARN_UNINITIALIZED_AUTOS = YES_AGGRESSIVE;
				GCC_WARN_UNUSED_FUNCTION = YES;
				GCC_WARN_UNUSED_VARIABLE = YES;
				IPHONEOS_DEPLOYMENT_TARGET = 10.3;
				MTL_ENABLE_DEBUG_INFO = NO;
				SDKROOT = iphoneos;
				SWIFT_OPTIMIZATION_LEVEL = "-Owholemodule";
				TARGETED_DEVICE_FAMILY = "1,2";
				VALIDATE_PRODUCT = YES;
			};
			name = Release;
		};
		CE296B251F88E76D00020870 /* Debug */ = {
			isa = XCBuildConfiguration;
			buildSettings = {
				ASSETCATALOG_COMPILER_APPICON_NAME = AppIcon;
				DEVELOPMENT_TEAM = FV22LUXAQ4;
				INFOPLIST_FILE = MakeshiftAlarm/Info.plist;
				LD_RUNPATH_SEARCH_PATHS = "$(inherited) @executable_path/Frameworks";
				PRODUCT_BUNDLE_IDENTIFIER = com.LTzeng.MakeshiftAlarm;
				PRODUCT_NAME = "$(TARGET_NAME)";
				SWIFT_VERSION = 3.0;
			};
			name = Debug;
		};
		CE296B261F88E76D00020870 /* Release */ = {
			isa = XCBuildConfiguration;
			buildSettings = {
				ASSETCATALOG_COMPILER_APPICON_NAME = AppIcon;
				DEVELOPMENT_TEAM = FV22LUXAQ4;
				INFOPLIST_FILE = MakeshiftAlarm/Info.plist;
				LD_RUNPATH_SEARCH_PATHS = "$(inherited) @executable_path/Frameworks";
				PRODUCT_BUNDLE_IDENTIFIER = com.LTzeng.MakeshiftAlarm;
				PRODUCT_NAME = "$(TARGET_NAME)";
				SWIFT_VERSION = 3.0;
			};
			name = Release;
		};
/* End XCBuildConfiguration section */

/* Begin XCConfigurationList section */
		CE296B0D1F88E76D00020870 /* Build configuration list for PBXProject "MakeshiftAlarm" */ = {
			isa = XCConfigurationList;
			buildConfigurations = (
				CE296B221F88E76D00020870 /* Debug */,
				CE296B231F88E76D00020870 /* Release */,
			);
			defaultConfigurationIsVisible = 0;
			defaultConfigurationName = Release;
		};
		CE296B241F88E76D00020870 /* Build configuration list for PBXNativeTarget "MakeshiftAlarm" */ = {
			isa = XCConfigurationList;
			buildConfigurations = (
				CE296B251F88E76D00020870 /* Debug */,
				CE296B261F88E76D00020870 /* Release */,
			);
			defaultConfigurationIsVisible = 0;
		};
/* End XCConfigurationList section */
	};
	rootObject = CE296B0A1F88E76D00020870 /* Project object */;
}
